// !$*UTF8*$!
{
	archiveVersion = 1;
	classes = {
	};
	objectVersion = 55;
	objects = {

/* Begin PBXBuildFile section */
		8247BC6ADDF714EC9BB26B89 /* Pods_iOSTest.framework in Frameworks */ = {isa = PBXBuildFile; fileRef = B16D9D736E3428689F0228B7 /* Pods_iOSTest.framework */; };
		CE325C8E2A4EECBC00E2F552 /* TabBarViewController.swift in Sources */ = {isa = PBXBuildFile; fileRef = CE325C8D2A4EECBC00E2F552 /* TabBarViewController.swift */; };
		CE325C942A4F09C400E2F552 /* SFProDisplay-Medium.OTF in Resources */ = {isa = PBXBuildFile; fileRef = CE325C932A4F02D800E2F552 /* SFProDisplay-Medium.OTF */; };
		CE325C952A4F09C600E2F552 /* SFProDisplay-Bold.OTF in Resources */ = {isa = PBXBuildFile; fileRef = CE325C922A4F02D200E2F552 /* SFProDisplay-Bold.OTF */; };
		CE325C982A4F0A2F00E2F552 /* SFProDisplay-Regular.ttf in Resources */ = {isa = PBXBuildFile; fileRef = CE325C972A4F0A1000E2F552 /* SFProDisplay-Regular.ttf */; };
		CE325C9B2A4F0B6300E2F552 /* MainPageViewController.swift in Sources */ = {isa = PBXBuildFile; fileRef = CE325C9A2A4F0B6200E2F552 /* MainPageViewController.swift */; };
		CE325CA22A4F0BEB00E2F552 /* CategoriesTableViewCell.swift in Sources */ = {isa = PBXBuildFile; fileRef = CE325CA02A4F0BEB00E2F552 /* CategoriesTableViewCell.swift */; };
		CE325CA32A4F0BEB00E2F552 /* CategoriesTableViewCell.xib in Resources */ = {isa = PBXBuildFile; fileRef = CE325CA12A4F0BEB00E2F552 /* CategoriesTableViewCell.xib */; };
		CE325CA62A4F0DC100E2F552 /* NetworkManager.swift in Sources */ = {isa = PBXBuildFile; fileRef = CE325CA52A4F0DC100E2F552 /* NetworkManager.swift */; };
		CE325CA92A4F110D00E2F552 /* CategoriesModel.swift in Sources */ = {isa = PBXBuildFile; fileRef = CE325CA82A4F110D00E2F552 /* CategoriesModel.swift */; };
		CE325CAC2A4F11FC00E2F552 /* MainPageModelView.swift in Sources */ = {isa = PBXBuildFile; fileRef = CE325CAB2A4F11FC00E2F552 /* MainPageModelView.swift */; };
		CE60BD962A4E264B005A7029 /* AppDelegate.swift in Sources */ = {isa = PBXBuildFile; fileRef = CE60BD952A4E264B005A7029 /* AppDelegate.swift */; };
		CE60BD982A4E264B005A7029 /* SceneDelegate.swift in Sources */ = {isa = PBXBuildFile; fileRef = CE60BD972A4E264B005A7029 /* SceneDelegate.swift */; };
		CE60BD9F2A4E2650005A7029 /* Assets.xcassets in Resources */ = {isa = PBXBuildFile; fileRef = CE60BD9E2A4E2650005A7029 /* Assets.xcassets */; };
		CE60BDA22A4E2650005A7029 /* LaunchScreen.storyboard in Resources */ = {isa = PBXBuildFile; fileRef = CE60BDA02A4E2650005A7029 /* LaunchScreen.storyboard */; };
		CE60BDAB2A4E270A005A7029 /* TabBarViewController.storyboard in Resources */ = {isa = PBXBuildFile; fileRef = CE60BDAA2A4E270A005A7029 /* TabBarViewController.storyboard */; };
/* End PBXBuildFile section */

/* Begin PBXFileReference section */
		343A5A569AE2A4B953B86722 /* Pods-iOSTest.release.xcconfig */ = {isa = PBXFileReference; includeInIndex = 1; lastKnownFileType = text.xcconfig; name = "Pods-iOSTest.release.xcconfig"; path = "Target Support Files/Pods-iOSTest/Pods-iOSTest.release.xcconfig"; sourceTree = "<group>"; };
		9EEB66768D979290763D40A5 /* Pods-iOSTest.debug.xcconfig */ = {isa = PBXFileReference; includeInIndex = 1; lastKnownFileType = text.xcconfig; name = "Pods-iOSTest.debug.xcconfig"; path = "Target Support Files/Pods-iOSTest/Pods-iOSTest.debug.xcconfig"; sourceTree = "<group>"; };
		B16D9D736E3428689F0228B7 /* Pods_iOSTest.framework */ = {isa = PBXFileReference; explicitFileType = wrapper.framework; includeInIndex = 0; path = Pods_iOSTest.framework; sourceTree = BUILT_PRODUCTS_DIR; };
		CE325C8D2A4EECBC00E2F552 /* TabBarViewController.swift */ = {isa = PBXFileReference; lastKnownFileType = sourcecode.swift; path = TabBarViewController.swift; sourceTree = "<group>"; };
		CE325C922A4F02D200E2F552 /* SFProDisplay-Bold.OTF */ = {isa = PBXFileReference; lastKnownFileType = file; path = "SFProDisplay-Bold.OTF"; sourceTree = "<group>"; };
		CE325C932A4F02D800E2F552 /* SFProDisplay-Medium.OTF */ = {isa = PBXFileReference; lastKnownFileType = file; path = "SFProDisplay-Medium.OTF"; sourceTree = "<group>"; };
		CE325C972A4F0A1000E2F552 /* SFProDisplay-Regular.ttf */ = {isa = PBXFileReference; lastKnownFileType = file; path = "SFProDisplay-Regular.ttf"; sourceTree = "<group>"; };
		CE325C9A2A4F0B6200E2F552 /* MainPageViewController.swift */ = {isa = PBXFileReference; lastKnownFileType = sourcecode.swift; path = MainPageViewController.swift; sourceTree = "<group>"; };
		CE325CA02A4F0BEB00E2F552 /* CategoriesTableViewCell.swift */ = {isa = PBXFileReference; lastKnownFileType = sourcecode.swift; path = CategoriesTableViewCell.swift; sourceTree = "<group>"; };
		CE325CA12A4F0BEB00E2F552 /* CategoriesTableViewCell.xib */ = {isa = PBXFileReference; lastKnownFileType = file.xib; path = CategoriesTableViewCell.xib; sourceTree = "<group>"; };
		CE325CA52A4F0DC100E2F552 /* NetworkManager.swift */ = {isa = PBXFileReference; lastKnownFileType = sourcecode.swift; path = NetworkManager.swift; sourceTree = "<group>"; };
		CE325CA82A4F110D00E2F552 /* CategoriesModel.swift */ = {isa = PBXFileReference; lastKnownFileType = sourcecode.swift; path = CategoriesModel.swift; sourceTree = "<group>"; };
		CE325CAB2A4F11FC00E2F552 /* MainPageModelView.swift */ = {isa = PBXFileReference; lastKnownFileType = sourcecode.swift; path = MainPageModelView.swift; sourceTree = "<group>"; };
		CE60BD922A4E264B005A7029 /* iOSTest.app */ = {isa = PBXFileReference; explicitFileType = wrapper.application; includeInIndex = 0; path = iOSTest.app; sourceTree = BUILT_PRODUCTS_DIR; };
		CE60BD952A4E264B005A7029 /* AppDelegate.swift */ = {isa = PBXFileReference; lastKnownFileType = sourcecode.swift; path = AppDelegate.swift; sourceTree = "<group>"; };
		CE60BD972A4E264B005A7029 /* SceneDelegate.swift */ = {isa = PBXFileReference; lastKnownFileType = sourcecode.swift; path = SceneDelegate.swift; sourceTree = "<group>"; };
		CE60BD9E2A4E2650005A7029 /* Assets.xcassets */ = {isa = PBXFileReference; lastKnownFileType = folder.assetcatalog; path = Assets.xcassets; sourceTree = "<group>"; };
		CE60BDA12A4E2650005A7029 /* Base */ = {isa = PBXFileReference; lastKnownFileType = file.storyboard; name = Base; path = Base.lproj/LaunchScreen.storyboard; sourceTree = "<group>"; };
		CE60BDA32A4E2650005A7029 /* Info.plist */ = {isa = PBXFileReference; lastKnownFileType = text.plist.xml; path = Info.plist; sourceTree = "<group>"; };
		CE60BDAA2A4E270A005A7029 /* TabBarViewController.storyboard */ = {isa = PBXFileReference; lastKnownFileType = file.storyboard; path = TabBarViewController.storyboard; sourceTree = "<group>"; };
/* End PBXFileReference section */

/* Begin PBXFrameworksBuildPhase section */
		CE60BD8F2A4E264B005A7029 /* Frameworks */ = {
			isa = PBXFrameworksBuildPhase;
			buildActionMask = 2147483647;
			files = (
				8247BC6ADDF714EC9BB26B89 /* Pods_iOSTest.framework in Frameworks */,
			);
			runOnlyForDeploymentPostprocessing = 0;
		};
/* End PBXFrameworksBuildPhase section */

/* Begin PBXGroup section */
		512D779FA6823908591BC1E3 /* Pods */ = {
			isa = PBXGroup;
			children = (
				9EEB66768D979290763D40A5 /* Pods-iOSTest.debug.xcconfig */,
				343A5A569AE2A4B953B86722 /* Pods-iOSTest.release.xcconfig */,
			);
			path = Pods;
			sourceTree = "<group>";
		};
		A02E91BD7B5A3E5312985DD7 /* Frameworks */ = {
			isa = PBXGroup;
			children = (
				B16D9D736E3428689F0228B7 /* Pods_iOSTest.framework */,
			);
			name = Frameworks;
			sourceTree = "<group>";
		};
		CE325C8F2A4F01BF00E2F552 /* Resourses */ = {
			isa = PBXGroup;
			children = (
				CE325C902A4F01C400E2F552 /* Fonts */,
			);
			path = Resourses;
			sourceTree = "<group>";
		};
		CE325C902A4F01C400E2F552 /* Fonts */ = {
			isa = PBXGroup;
			children = (
				CE325C922A4F02D200E2F552 /* SFProDisplay-Bold.OTF */,
				CE325C972A4F0A1000E2F552 /* SFProDisplay-Regular.ttf */,
				CE325C932A4F02D800E2F552 /* SFProDisplay-Medium.OTF */,
			);
			path = Fonts;
			sourceTree = "<group>";
		};
		CE325C992A4F0B2E00E2F552 /* MainPage */ = {
			isa = PBXGroup;
			children = (
				CE325CAA2A4F11E200E2F552 /* ViewModel */,
				CE325CA72A4F10FB00E2F552 /* Model */,
				CE325C9D2A4F0BB700E2F552 /* Cell */,
				CE325C9C2A4F0BA800E2F552 /* View */,
			);
			path = MainPage;
			sourceTree = "<group>";
		};
		CE325C9C2A4F0BA800E2F552 /* View */ = {
			isa = PBXGroup;
			children = (
				CE325C9A2A4F0B6200E2F552 /* MainPageViewController.swift */,
			);
			path = View;
			sourceTree = "<group>";
		};
		CE325C9D2A4F0BB700E2F552 /* Cell */ = {
			isa = PBXGroup;
			children = (
				CE325CA02A4F0BEB00E2F552 /* CategoriesTableViewCell.swift */,
				CE325CA12A4F0BEB00E2F552 /* CategoriesTableViewCell.xib */,
			);
			path = Cell;
			sourceTree = "<group>";
		};
		CE325CA42A4F0DA500E2F552 /* NetworkManager */ = {
			isa = PBXGroup;
			children = (
				CE325CA52A4F0DC100E2F552 /* NetworkManager.swift */,
			);
			path = NetworkManager;
			sourceTree = "<group>";
		};
		CE325CA72A4F10FB00E2F552 /* Model */ = {
			isa = PBXGroup;
			children = (
				CE325CA82A4F110D00E2F552 /* CategoriesModel.swift */,
			);
			path = Model;
			sourceTree = "<group>";
		};
		CE325CAA2A4F11E200E2F552 /* ViewModel */ = {
			isa = PBXGroup;
			children = (
				CE325CAB2A4F11FC00E2F552 /* MainPageModelView.swift */,
			);
			path = ViewModel;
			sourceTree = "<group>";
		};
		CE60BD892A4E264B005A7029 = {
			isa = PBXGroup;
			children = (
				CE60BD942A4E264B005A7029 /* iOSTest */,
				CE60BD932A4E264B005A7029 /* Products */,
				512D779FA6823908591BC1E3 /* Pods */,
				A02E91BD7B5A3E5312985DD7 /* Frameworks */,
			);
			sourceTree = "<group>";
		};
		CE60BD932A4E264B005A7029 /* Products */ = {
			isa = PBXGroup;
			children = (
				CE60BD922A4E264B005A7029 /* iOSTest.app */,
			);
			name = Products;
			sourceTree = "<group>";
		};
		CE60BD942A4E264B005A7029 /* iOSTest */ = {
			isa = PBXGroup;
			children = (
				CE325CA42A4F0DA500E2F552 /* NetworkManager */,
				CE60BDA92A4E2678005A7029 /* TabBarController */,
				CE325C992A4F0B2E00E2F552 /* MainPage */,
				CE60BD952A4E264B005A7029 /* AppDelegate.swift */,
				CE60BD972A4E264B005A7029 /* SceneDelegate.swift */,
				CE325C8F2A4F01BF00E2F552 /* Resourses */,
				CE60BD9E2A4E2650005A7029 /* Assets.xcassets */,
				CE60BDA02A4E2650005A7029 /* LaunchScreen.storyboard */,
				CE60BDA32A4E2650005A7029 /* Info.plist */,
			);
			path = iOSTest;
			sourceTree = "<group>";
		};
		CE60BDA92A4E2678005A7029 /* TabBarController */ = {
			isa = PBXGroup;
			children = (
				CE60BDAA2A4E270A005A7029 /* TabBarViewController.storyboard */,
				CE325C8D2A4EECBC00E2F552 /* TabBarViewController.swift */,
			);
			path = TabBarController;
			sourceTree = "<group>";
		};
/* End PBXGroup section */

/* Begin PBXNativeTarget section */
		CE60BD912A4E264B005A7029 /* iOSTest */ = {
			isa = PBXNativeTarget;
			buildConfigurationList = CE60BDA62A4E2650005A7029 /* Build configuration list for PBXNativeTarget "iOSTest" */;
			buildPhases = (
				6E6DCBC1780F764666687513 /* [CP] Check Pods Manifest.lock */,
				CE60BD8E2A4E264B005A7029 /* Sources */,
				CE60BD8F2A4E264B005A7029 /* Frameworks */,
				CE60BD902A4E264B005A7029 /* Resources */,
				EE21984141DA4D03BED7385C /* [CP] Embed Pods Frameworks */,
			);
			buildRules = (
			);
			dependencies = (
			);
			name = iOSTest;
			productName = iOSTest;
			productReference = CE60BD922A4E264B005A7029 /* iOSTest.app */;
			productType = "com.apple.product-type.application";
		};
/* End PBXNativeTarget section */

/* Begin PBXProject section */
		CE60BD8A2A4E264B005A7029 /* Project object */ = {
			isa = PBXProject;
			attributes = {
				BuildIndependentTargetsInParallel = 1;
				LastSwiftUpdateCheck = 1320;
				LastUpgradeCheck = 1320;
				TargetAttributes = {
					CE60BD912A4E264B005A7029 = {
						CreatedOnToolsVersion = 13.2.1;
					};
				};
			};
			buildConfigurationList = CE60BD8D2A4E264B005A7029 /* Build configuration list for PBXProject "iOSTest" */;
			compatibilityVersion = "Xcode 13.0";
			developmentRegion = en;
			hasScannedForEncodings = 0;
			knownRegions = (
				en,
				Base,
			);
			mainGroup = CE60BD892A4E264B005A7029;
			productRefGroup = CE60BD932A4E264B005A7029 /* Products */;
			projectDirPath = "";
			projectRoot = "";
			targets = (
				CE60BD912A4E264B005A7029 /* iOSTest */,
			);
		};
/* End PBXProject section */

/* Begin PBXResourcesBuildPhase section */
		CE60BD902A4E264B005A7029 /* Resources */ = {
			isa = PBXResourcesBuildPhase;
			buildActionMask = 2147483647;
			files = (
				CE325C952A4F09C600E2F552 /* SFProDisplay-Bold.OTF in Resources */,
				CE325CA32A4F0BEB00E2F552 /* CategoriesTableViewCell.xib in Resources */,
				CE325C942A4F09C400E2F552 /* SFProDisplay-Medium.OTF in Resources */,
				CE60BDA22A4E2650005A7029 /* LaunchScreen.storyboard in Resources */,
				CE325C982A4F0A2F00E2F552 /* SFProDisplay-Regular.ttf in Resources */,
				CE60BDAB2A4E270A005A7029 /* TabBarViewController.storyboard in Resources */,
				CE60BD9F2A4E2650005A7029 /* Assets.xcassets in Resources */,
			);
			runOnlyForDeploymentPostprocessing = 0;
		};
/* End PBXResourcesBuildPhase section */

/* Begin PBXShellScriptBuildPhase section */
		6E6DCBC1780F764666687513 /* [CP] Check Pods Manifest.lock */ = {
			isa = PBXShellScriptBuildPhase;
			buildActionMask = 2147483647;
			files = (
			);
			inputFileListPaths = (
			);
			inputPaths = (
				"${PODS_PODFILE_DIR_PATH}/Podfile.lock",
				"${PODS_ROOT}/Manifest.lock",
			);
			name = "[CP] Check Pods Manifest.lock";
			outputFileListPaths = (
			);
			outputPaths = (
				"$(DERIVED_FILE_DIR)/Pods-iOSTest-checkManifestLockResult.txt",
			);
			runOnlyForDeploymentPostprocessing = 0;
			shellPath = /bin/sh;
			shellScript = "diff \"${PODS_PODFILE_DIR_PATH}/Podfile.lock\" \"${PODS_ROOT}/Manifest.lock\" > /dev/null\nif [ $? != 0 ] ; then\n    # print error to STDERR\n    echo \"error: The sandbox is not in sync with the Podfile.lock. Run 'pod install' or update your CocoaPods installation.\" >&2\n    exit 1\nfi\n# This output is used by Xcode 'outputs' to avoid re-running this script phase.\necho \"SUCCESS\" > \"${SCRIPT_OUTPUT_FILE_0}\"\n";
			showEnvVarsInLog = 0;
		};
		EE21984141DA4D03BED7385C /* [CP] Embed Pods Frameworks */ = {
			isa = PBXShellScriptBuildPhase;
			buildActionMask = 2147483647;
			files = (
			);
			inputFileListPaths = (
				"${PODS_ROOT}/Target Support Files/Pods-iOSTest/Pods-iOSTest-frameworks-${CONFIGURATION}-input-files.xcfilelist",
			);
			name = "[CP] Embed Pods Frameworks";
			outputFileListPaths = (
				"${PODS_ROOT}/Target Support Files/Pods-iOSTest/Pods-iOSTest-frameworks-${CONFIGURATION}-output-files.xcfilelist",
			);
			runOnlyForDeploymentPostprocessing = 0;
			shellPath = /bin/sh;
			shellScript = "\"${PODS_ROOT}/Target Support Files/Pods-iOSTest/Pods-iOSTest-frameworks.sh\"\n";
			showEnvVarsInLog = 0;
		};
/* End PBXShellScriptBuildPhase section */

/* Begin PBXSourcesBuildPhase section */
		CE60BD8E2A4E264B005A7029 /* Sources */ = {
			isa = PBXSourcesBuildPhase;
			buildActionMask = 2147483647;
			files = (
				CE325CAC2A4F11FC00E2F552 /* MainPageModelView.swift in Sources */,
				CE325CA62A4F0DC100E2F552 /* NetworkManager.swift in Sources */,
				CE325C9B2A4F0B6300E2F552 /* MainPageViewController.swift in Sources */,
				CE325C8E2A4EECBC00E2F552 /* TabBarViewController.swift in Sources */,
				CE60BD962A4E264B005A7029 /* AppDelegate.swift in Sources */,
				CE325CA92A4F110D00E2F552 /* CategoriesModel.swift in Sources */,
				CE60BD982A4E264B005A7029 /* SceneDelegate.swift in Sources */,
				CE325CA22A4F0BEB00E2F552 /* CategoriesTableViewCell.swift in Sources */,
			);
			runOnlyForDeploymentPostprocessing = 0;
		};
/* End PBXSourcesBuildPhase section */

/* Begin PBXVariantGroup section */
		CE60BDA02A4E2650005A7029 /* LaunchScreen.storyboard */ = {
			isa = PBXVariantGroup;
			children = (
				CE60BDA12A4E2650005A7029 /* Base */,
			);
			name = LaunchScreen.storyboard;
			sourceTree = "<group>";
		};
/* End PBXVariantGroup section */

/* Begin XCBuildConfiguration section */
		CE60BDA42A4E2650005A7029 /* Debug */ = {
			isa = XCBuildConfiguration;
			buildSettings = {
				ALWAYS_SEARCH_USER_PATHS = NO;
				CLANG_ANALYZER_NONNULL = YES;
				CLANG_ANALYZER_NUMBER_OBJECT_CONVERSION = YES_AGGRESSIVE;
				CLANG_CXX_LANGUAGE_STANDARD = "gnu++17";
				CLANG_CXX_LIBRARY = "libc++";
				CLANG_ENABLE_MODULES = YES;
				CLANG_ENABLE_OBJC_ARC = YES;
				CLANG_ENABLE_OBJC_WEAK = YES;
				CLANG_WARN_BLOCK_CAPTURE_AUTORELEASING = YES;
				CLANG_WARN_BOOL_CONVERSION = YES;
				CLANG_WARN_COMMA = YES;
				CLANG_WARN_CONSTANT_CONVERSION = YES;
				CLANG_WARN_DEPRECATED_OBJC_IMPLEMENTATIONS = YES;
				CLANG_WARN_DIRECT_OBJC_ISA_USAGE = YES_ERROR;
				CLANG_WARN_DOCUMENTATION_COMMENTS = YES;
				CLANG_WARN_EMPTY_BODY = YES;
				CLANG_WARN_ENUM_CONVERSION = YES;
				CLANG_WARN_INFINITE_RECURSION = YES;
				CLANG_WARN_INT_CONVERSION = YES;
				CLANG_WARN_NON_LITERAL_NULL_CONVERSION = YES;
				CLANG_WARN_OBJC_IMPLICIT_RETAIN_SELF = YES;
				CLANG_WARN_OBJC_LITERAL_CONVERSION = YES;
				CLANG_WARN_OBJC_ROOT_CLASS = YES_ERROR;
				CLANG_WARN_QUOTED_INCLUDE_IN_FRAMEWORK_HEADER = YES;
				CLANG_WARN_RANGE_LOOP_ANALYSIS = YES;
				CLANG_WARN_STRICT_PROTOTYPES = YES;
				CLANG_WARN_SUSPICIOUS_MOVE = YES;
				CLANG_WARN_UNGUARDED_AVAILABILITY = YES_AGGRESSIVE;
				CLANG_WARN_UNREACHABLE_CODE = YES;
				CLANG_WARN__DUPLICATE_METHOD_MATCH = YES;
				COPY_PHASE_STRIP = NO;
				DEBUG_INFORMATION_FORMAT = dwarf;
				ENABLE_STRICT_OBJC_MSGSEND = YES;
				ENABLE_TESTABILITY = YES;
				GCC_C_LANGUAGE_STANDARD = gnu11;
				GCC_DYNAMIC_NO_PIC = NO;
				GCC_NO_COMMON_BLOCKS = YES;
				GCC_OPTIMIZATION_LEVEL = 0;
				GCC_PREPROCESSOR_DEFINITIONS = (
					"DEBUG=1",
					"$(inherited)",
				);
				GCC_WARN_64_TO_32_BIT_CONVERSION = YES;
				GCC_WARN_ABOUT_RETURN_TYPE = YES_ERROR;
				GCC_WARN_UNDECLARED_SELECTOR = YES;
				GCC_WARN_UNINITIALIZED_AUTOS = YES_AGGRESSIVE;
				GCC_WARN_UNUSED_FUNCTION = YES;
				GCC_WARN_UNUSED_VARIABLE = YES;
				IPHONEOS_DEPLOYMENT_TARGET = 15.2;
				MTL_ENABLE_DEBUG_INFO = INCLUDE_SOURCE;
				MTL_FAST_MATH = YES;
				ONLY_ACTIVE_ARCH = YES;
				SDKROOT = iphoneos;
				SWIFT_ACTIVE_COMPILATION_CONDITIONS = DEBUG;
				SWIFT_OPTIMIZATION_LEVEL = "-Onone";
			};
			name = Debug;
		};
		CE60BDA52A4E2650005A7029 /* Release */ = {
			isa = XCBuildConfiguration;
			buildSettings = {
				ALWAYS_SEARCH_USER_PATHS = NO;
				CLANG_ANALYZER_NONNULL = YES;
				CLANG_ANALYZER_NUMBER_OBJECT_CONVERSION = YES_AGGRESSIVE;
				CLANG_CXX_LANGUAGE_STANDARD = "gnu++17";
				CLANG_CXX_LIBRARY = "libc++";
				CLANG_ENABLE_MODULES = YES;
				CLANG_ENABLE_OBJC_ARC = YES;
				CLANG_ENABLE_OBJC_WEAK = YES;
				CLANG_WARN_BLOCK_CAPTURE_AUTORELEASING = YES;
				CLANG_WARN_BOOL_CONVERSION = YES;
				CLANG_WARN_COMMA = YES;
				CLANG_WARN_CONSTANT_CONVERSION = YES;
				CLANG_WARN_DEPRECATED_OBJC_IMPLEMENTATIONS = YES;
				CLANG_WARN_DIRECT_OBJC_ISA_USAGE = YES_ERROR;
				CLANG_WARN_DOCUMENTATION_COMMENTS = YES;
				CLANG_WARN_EMPTY_BODY = YES;
				CLANG_WARN_ENUM_CONVERSION = YES;
				CLANG_WARN_INFINITE_RECURSION = YES;
				CLANG_WARN_INT_CONVERSION = YES;
				CLANG_WARN_NON_LITERAL_NULL_CONVERSION = YES;
				CLANG_WARN_OBJC_IMPLICIT_RETAIN_SELF = YES;
				CLANG_WARN_OBJC_LITERAL_CONVERSION = YES;
				CLANG_WARN_OBJC_ROOT_CLASS = YES_ERROR;
				CLANG_WARN_QUOTED_INCLUDE_IN_FRAMEWORK_HEADER = YES;
				CLANG_WARN_RANGE_LOOP_ANALYSIS = YES;
				CLANG_WARN_STRICT_PROTOTYPES = YES;
				CLANG_WARN_SUSPICIOUS_MOVE = YES;
				CLANG_WARN_UNGUARDED_AVAILABILITY = YES_AGGRESSIVE;
				CLANG_WARN_UNREACHABLE_CODE = YES;
				CLANG_WARN__DUPLICATE_METHOD_MATCH = YES;
				COPY_PHASE_STRIP = NO;
				DEBUG_INFORMATION_FORMAT = "dwarf-with-dsym";
				ENABLE_NS_ASSERTIONS = NO;
				ENABLE_STRICT_OBJC_MSGSEND = YES;
				GCC_C_LANGUAGE_STANDARD = gnu11;
				GCC_NO_COMMON_BLOCKS = YES;
				GCC_WARN_64_TO_32_BIT_CONVERSION = YES;
				GCC_WARN_ABOUT_RETURN_TYPE = YES_ERROR;
				GCC_WARN_UNDECLARED_SELECTOR = YES;
				GCC_WARN_UNINITIALIZED_AUTOS = YES_AGGRESSIVE;
				GCC_WARN_UNUSED_FUNCTION = YES;
				GCC_WARN_UNUSED_VARIABLE = YES;
				IPHONEOS_DEPLOYMENT_TARGET = 15.2;
				MTL_ENABLE_DEBUG_INFO = NO;
				MTL_FAST_MATH = YES;
				SDKROOT = iphoneos;
				SWIFT_COMPILATION_MODE = wholemodule;
				SWIFT_OPTIMIZATION_LEVEL = "-O";
				VALIDATE_PRODUCT = YES;
			};
			name = Release;
		};
		CE60BDA72A4E2650005A7029 /* Debug */ = {
			isa = XCBuildConfiguration;
			baseConfigurationReference = 9EEB66768D979290763D40A5 /* Pods-iOSTest.debug.xcconfig */;
			buildSettings = {
				ASSETCATALOG_COMPILER_APPICON_NAME = AppIcon;
				ASSETCATALOG_COMPILER_GLOBAL_ACCENT_COLOR_NAME = AccentColor;
				CODE_SIGN_STYLE = Automatic;
				CURRENT_PROJECT_VERSION = 1;
				GENERATE_INFOPLIST_FILE = YES;
				INFOPLIST_FILE = iOSTest/Info.plist;
				INFOPLIST_KEY_UIApplicationSupportsIndirectInputEvents = YES;
				INFOPLIST_KEY_UILaunchStoryboardName = LaunchScreen;
				INFOPLIST_KEY_UIMainStoryboardFile = TabBarViewController;
				INFOPLIST_KEY_UISupportedInterfaceOrientations_iPad = "UIInterfaceOrientationPortrait UIInterfaceOrientationPortraitUpsideDown UIInterfaceOrientationLandscapeLeft UIInterfaceOrientationLandscapeRight";
				INFOPLIST_KEY_UISupportedInterfaceOrientations_iPhone = "UIInterfaceOrientationPortrait UIInterfaceOrientationLandscapeLeft UIInterfaceOrientationLandscapeRight";
				LD_RUNPATH_SEARCH_PATHS = (
					"$(inherited)",
					"@executable_path/Frameworks",
				);
				MARKETING_VERSION = 1.0;
				PRODUCT_BUNDLE_IDENTIFIER = Karen.iOSTest;
				PRODUCT_NAME = "$(TARGET_NAME)";
				SWIFT_EMIT_LOC_STRINGS = YES;
				SWIFT_VERSION = 5.0;
				TARGETED_DEVICE_FAMILY = "1,2";
			};
			name = Debug;
		};
		CE60BDA82A4E2650005A7029 /* Release */ = {
			isa = XCBuildConfiguration;
			baseConfigurationReference = 343A5A569AE2A4B953B86722 /* Pods-iOSTest.release.xcconfig */;
			buildSettings = {
				ASSETCATALOG_COMPILER_APPICON_NAME = AppIcon;
				ASSETCATALOG_COMPILER_GLOBAL_ACCENT_COLOR_NAME = AccentColor;
				CODE_SIGN_STYLE = Automatic;
				CURRENT_PROJECT_VERSION = 1;
				GENERATE_INFOPLIST_FILE = YES;
				INFOPLIST_FILE = iOSTest/Info.plist;
				INFOPLIST_KEY_UIApplicationSupportsIndirectInputEvents = YES;
				INFOPLIST_KEY_UILaunchStoryboardName = LaunchScreen;
				INFOPLIST_KEY_UIMainStoryboardFile = TabBarViewController;
				INFOPLIST_KEY_UISupportedInterfaceOrientations_iPad = "UIInterfaceOrientationPortrait UIInterfaceOrientationPortraitUpsideDown UIInterfaceOrientationLandscapeLeft UIInterfaceOrientationLandscapeRight";
				INFOPLIST_KEY_UISupportedInterfaceOrientations_iPhone = "UIInterfaceOrientationPortrait UIInterfaceOrientationLandscapeLeft UIInterfaceOrientationLandscapeRight";
				LD_RUNPATH_SEARCH_PATHS = (
					"$(inherited)",
					"@executable_path/Frameworks",
				);
				MARKETING_VERSION = 1.0;
				PRODUCT_BUNDLE_IDENTIFIER = Karen.iOSTest;
				PRODUCT_NAME = "$(TARGET_NAME)";
				SWIFT_EMIT_LOC_STRINGS = YES;
				SWIFT_VERSION = 5.0;
				TARGETED_DEVICE_FAMILY = "1,2";
			};
			name = Release;
		};
/* End XCBuildConfiguration section */

/* Begin XCConfigurationList section */
		CE60BD8D2A4E264B005A7029 /* Build configuration list for PBXProject "iOSTest" */ = {
			isa = XCConfigurationList;
			buildConfigurations = (
				CE60BDA42A4E2650005A7029 /* Debug */,
				CE60BDA52A4E2650005A7029 /* Release */,
			);
			defaultConfigurationIsVisible = 0;
			defaultConfigurationName = Release;
		};
		CE60BDA62A4E2650005A7029 /* Build configuration list for PBXNativeTarget "iOSTest" */ = {
			isa = XCConfigurationList;
			buildConfigurations = (
				CE60BDA72A4E2650005A7029 /* Debug */,
				CE60BDA82A4E2650005A7029 /* Release */,
			);
			defaultConfigurationIsVisible = 0;
			defaultConfigurationName = Release;
		};
/* End XCConfigurationList section */
	};
	rootObject = CE60BD8A2A4E264B005A7029 /* Project object */;
}
